
Microsoft Visual Studio Solution File, Format Version 12.00
# Visual Studio Version 17
VisualStudioVersion = 17.1.32210.238
MinimumVisualStudioVersion = 10.0.40219.1
Project("{FAE04EC0-301F-11D3-BF4B-00C04F79EFBC}") = "WebAppQuanLyBongDa", "WebAppQuanLyBongDa\WebAppQuanLyBongDa.csproj", "{368126ED-9312-4CA1-971D-C9B46437C077}"
EndProject
Global
	GlobalSection(SolutionConfigurationPlatforms) = preSolution
		Debug|Any CPU = Debug|Any CPU
		Release|Any CPU = Release|Any CPU
	EndGlobalSection
	GlobalSection(ProjectConfigurationPlatforms) = postSolution
		{368126ED-9312-4CA1-971D-C9B46437C077}.Debug|Any CPU.ActiveCfg = Debug|Any CPU
		{368126ED-9312-4CA1-971D-C9B46437C077}.Debug|Any CPU.Build.0 = Debug|Any CPU
		{368126ED-9312-4CA1-971D-C9B46437C077}.Release|Any CPU.ActiveCfg = Release|Any CPU
		{368126ED-9312-4CA1-971D-C9B46437C077}.Release|Any CPU.Build.0 = Release|Any CPU
	EndGlobalSection
	GlobalSection(SolutionProperties) = preSolution
		HideSolutionNode = FALSE
	EndGlobalSection
	GlobalSection(ExtensibilityGlobals) = postSolution
		SolutionGuid = {746621A3-726D-455D-A310-1F4CE0FE99F3}
	EndGlobalSection
EndGlobal
